
Microsoft Visual Studio Solution File, Format Version 11.00
# Visual Studio 2010
Project("{FAE04EC0-301F-11D3-BF4B-00C04F79EFBC}") = "Example", "src\Example\Example.csproj", "{9468BA70-AB40-4C11-8F8F-DF5310BC9A3B}"
EndProject
Project("{FAE04EC0-301F-11D3-BF4B-00C04F79EFBC}") = "Example.Tests", "src\Example.Tests\Example.Tests.csproj", "{B4D6BF6A-EF8C-416A-A414-F84E25AD2282}"
EndProject
Global
	GlobalSection(SolutionConfigurationPlatforms) = preSolution
		Debug|Any CPU = Debug|Any CPU
		Release|Any CPU = Release|Any CPU
	EndGlobalSection
	GlobalSection(ProjectConfigurationPlatforms) = postSolution
		{9468BA70-AB40-4C11-8F8F-DF5310BC9A3B}.Debug|Any CPU.ActiveCfg = Debug|Any CPU
		{9468BA70-AB40-4C11-8F8F-DF5310BC9A3B}.Debug|Any CPU.Build.0 = Debug|Any CPU
		{9468BA70-AB40-4C11-8F8F-DF5310BC9A3B}.Release|Any CPU.ActiveCfg = Release|Any CPU
		{9468BA70-AB40-4C11-8F8F-DF5310BC9A3B}.Release|Any CPU.Build.0 = Release|Any CPU
		{B4D6BF6A-EF8C-416A-A414-F84E25AD2282}.Debug|Any CPU.ActiveCfg = Debug|Any CPU
		{B4D6BF6A-EF8C-416A-A414-F84E25AD2282}.Debug|Any CPU.Build.0 = Debug|Any CPU
		{B4D6BF6A-EF8C-416A-A414-F84E25AD2282}.Release|Any CPU.ActiveCfg = Release|Any CPU
		{B4D6BF6A-EF8C-416A-A414-F84E25AD2282}.Release|Any CPU.Build.0 = Release|Any CPU
	EndGlobalSection
	GlobalSection(SolutionProperties) = preSolution
		HideSolutionNode = FALSE
	EndGlobalSection
EndGlobal
